
Microsoft Visual Studio Solution File, Format Version 12.00
# Visual Studio Version 16
VisualStudioVersion = 16.0.30011.22
MinimumVisualStudioVersion = 10.0.40219.1
Project("{9A19103F-16F7-4668-BE54-9A1E7A4F7556}") = "CoreDemo", "CoreDemo.csproj", "{7CA5579B-5E01-40FF-BEC4-34A3A42C38E2}"
EndProject
Project("{FAE04EC0-301F-11D3-BF4B-00C04F79EFBC}") = "CoreDemo.Models", "..\CoreDemo.Models\CoreDemo.Models.csproj", "{939415E7-1AC7-4577-9938-44DBBE013A03}"
EndProject
Global
	GlobalSection(SolutionConfigurationPlatforms) = preSolution
		Debug|Any CPU = Debug|Any CPU
		Release|Any CPU = Release|Any CPU
	EndGlobalSection
	GlobalSection(ProjectConfigurationPlatforms) = postSolution
		{7CA5579B-5E01-40FF-BEC4-34A3A42C38E2}.Debug|Any CPU.ActiveCfg = Debug|Any CPU
		{7CA5579B-5E01-40FF-BEC4-34A3A42C38E2}.Debug|Any CPU.Build.0 = Debug|Any CPU
		{7CA5579B-5E01-40FF-BEC4-34A3A42C38E2}.Release|Any CPU.ActiveCfg = Release|Any CPU
		{7CA5579B-5E01-40FF-BEC4-34A3A42C38E2}.Release|Any CPU.Build.0 = Release|Any CPU
		{939415E7-1AC7-4577-9938-44DBBE013A03}.Debug|Any CPU.ActiveCfg = Debug|Any CPU
		{939415E7-1AC7-4577-9938-44DBBE013A03}.Debug|Any CPU.Build.0 = Debug|Any CPU
		{939415E7-1AC7-4577-9938-44DBBE013A03}.Release|Any CPU.ActiveCfg = Release|Any CPU
		{939415E7-1AC7-4577-9938-44DBBE013A03}.Release|Any CPU.Build.0 = Release|Any CPU
	EndGlobalSection
	GlobalSection(SolutionProperties) = preSolution
		HideSolutionNode = FALSE
	EndGlobalSection
	GlobalSection(ExtensibilityGlobals) = postSolution
		SolutionGuid = {DC2D1BAF-BD57-4FA7-820F-46320A788DC7}
	EndGlobalSection
EndGlobal
